
Microsoft Visual Studio Solution File, Format Version 12.00
# Visual Studio 2013
VisualStudioVersion = 12.0.30110.0
MinimumVisualStudioVersion = 10.0.40219.1
Project("{FAE04EC0-301F-11D3-BF4B-00C04F79EFBC}") = "Connector.Domain.Tests", "Domain.Connector.Tests\Connector.Domain.Tests.csproj", "{35F43A77-F219-4E24-AEEE-5FEF0CECC69C}"
EndProject
Project("{2150E333-8FDC-42A3-9474-1A3956D46DE8}") = ".nuget", ".nuget", "{91EDA997-2D77-4EBC-B8AE-5DF8E56B1226}"
	ProjectSection(SolutionItems) = preProject
		.nuget\NuGet.Config = .nuget\NuGet.Config
		.nuget\NuGet.exe = .nuget\NuGet.exe
		.nuget\NuGet.targets = .nuget\NuGet.targets
	EndProjectSection
EndProject
Global
	GlobalSection(TeamFoundationVersionControl) = preSolution
		SccNumberOfProjects = 1
		SccEnterpriseProvider = {4CA58AB2-18FA-4F8D-95D4-32DDF27D184C}
		SccTeamFoundationServer = http://orbdevtfs2:8080/tfs/sagecre
		SccProjectUniqueName0 = Domain.Connector.Tests\\Connector.Domain.Tests.csproj
		SccProjectName0 = Domain.Connector.Tests
		SccAuxPath0 = http://orbdevtfs2:8080/tfs/sagecre
		SccLocalPath0 = Domain.Connector.Tests
		SccProvider0 = {4CA58AB2-18FA-4F8D-95D4-32DDF27D184C}
	EndGlobalSection
	GlobalSection(SolutionConfigurationPlatforms) = preSolution
		Debug|Any CPU = Debug|Any CPU
		Release|Any CPU = Release|Any CPU
	EndGlobalSection
	GlobalSection(ProjectConfigurationPlatforms) = postSolution
		{35F43A77-F219-4E24-AEEE-5FEF0CECC69C}.Debug|Any CPU.ActiveCfg = Debug|Any CPU
		{35F43A77-F219-4E24-AEEE-5FEF0CECC69C}.Debug|Any CPU.Build.0 = Debug|Any CPU
		{35F43A77-F219-4E24-AEEE-5FEF0CECC69C}.Release|Any CPU.ActiveCfg = Release|Any CPU
		{35F43A77-F219-4E24-AEEE-5FEF0CECC69C}.Release|Any CPU.Build.0 = Release|Any CPU
	EndGlobalSection
	GlobalSection(SolutionProperties) = preSolution
		HideSolutionNode = FALSE
	EndGlobalSection
EndGlobal
