
Microsoft Visual Studio Solution File, Format Version 11.00
# Visual Studio 2010
Project("{FAE04EC0-301F-11D3-BF4B-00C04F79EFBC}") = "Unzip", "Unzip.csproj", "{A706DADD-3C49-42DE-9BA1-7699881294FB}"
EndProject
Global
	GlobalSection(TeamFoundationVersionControl) = preSolution
		SccNumberOfProjects = 2
		SccEnterpriseProvider = {4CA58AB2-18FA-4F8D-95D4-32DDF27D184C}
		SccTeamFoundationServer = http://orbdevtfs2:8080/tfs/sagecre
		SccLocalPath0 = .
		SccProjectUniqueName1 = Unzip.csproj
		SccLocalPath1 = .
	EndGlobalSection
	GlobalSection(SolutionConfigurationPlatforms) = preSolution
		Debug|x86 = Debug|x86
		Release|x86 = Release|x86
	EndGlobalSection
	GlobalSection(ProjectConfigurationPlatforms) = postSolution
		{A706DADD-3C49-42DE-9BA1-7699881294FB}.Debug|x86.ActiveCfg = Debug|x86
		{A706DADD-3C49-42DE-9BA1-7699881294FB}.Debug|x86.Build.0 = Debug|x86
		{A706DADD-3C49-42DE-9BA1-7699881294FB}.Release|x86.ActiveCfg = Release|x86
		{A706DADD-3C49-42DE-9BA1-7699881294FB}.Release|x86.Build.0 = Release|x86
	EndGlobalSection
	GlobalSection(SolutionProperties) = preSolution
		HideSolutionNode = FALSE
	EndGlobalSection
EndGlobal
