
Microsoft Visual Studio Solution File, Format Version 11.00
# Visual Studio 2010
Project("{8BC9CEB8-8B4A-11D0-8D11-00A0C91BC942}") = "SageUpgrade", "SageUpgrade.vcxproj", "{B9E5ECAE-4F30-4B11-8F56-29AF5F899347}"
EndProject
Global
	GlobalSection(SolutionConfigurationPlatforms) = preSolution
		Debug NOSERVER|Win32 = Debug NOSERVER|Win32
		Debug|Win32 = Debug|Win32
		Release NOSERVER|Win32 = Release NOSERVER|Win32
		Release|Win32 = Release|Win32
	EndGlobalSection
	GlobalSection(ProjectConfigurationPlatforms) = postSolution
		{B9E5ECAE-4F30-4B11-8F56-29AF5F899347}.Debug NOSERVER|Win32.ActiveCfg = Debug NOSERVER|Win32
		{B9E5ECAE-4F30-4B11-8F56-29AF5F899347}.Debug NOSERVER|Win32.Build.0 = Debug NOSERVER|Win32
		{B9E5ECAE-4F30-4B11-8F56-29AF5F899347}.Debug|Win32.ActiveCfg = Debug|Win32
		{B9E5ECAE-4F30-4B11-8F56-29AF5F899347}.Debug|Win32.Build.0 = Debug|Win32
		{B9E5ECAE-4F30-4B11-8F56-29AF5F899347}.Release NOSERVER|Win32.ActiveCfg = Release NOSERVER|Win32
		{B9E5ECAE-4F30-4B11-8F56-29AF5F899347}.Release NOSERVER|Win32.Build.0 = Release NOSERVER|Win32
		{B9E5ECAE-4F30-4B11-8F56-29AF5F899347}.Release|Win32.ActiveCfg = Release|Win32
		{B9E5ECAE-4F30-4B11-8F56-29AF5F899347}.Release|Win32.Build.0 = Release|Win32
	EndGlobalSection
	GlobalSection(SolutionProperties) = preSolution
		HideSolutionNode = FALSE
	EndGlobalSection
EndGlobal
