
Microsoft Visual Studio Solution File, Format Version 11.00
# Visual Studio 2010
Project("{FAE04EC0-301F-11D3-BF4B-00C04F79EFBC}") = "Sage.CRE.CloudConnector.InstalledProductInfo", "Sage.CRE.CloudConnector.InstalledProductInfo.csproj", "{A52CA947-D480-4989-9246-4083A8A4EEC0}"
EndProject
Global
	GlobalSection(TeamFoundationVersionControl) = preSolution
		SccNumberOfProjects = 1
		SccEnterpriseProvider = {4CA58AB2-18FA-4F8D-95D4-32DDF27D184C}
		SccTeamFoundationServer = http://orbdevtfs2:8080/tfs/sagecre
		SccProjectUniqueName0 = Sage.CRE.CloudConnector.InstalledProductInfo.csproj
		SccProjectName0 = .
		SccAuxPath0 = http://orbdevtfs2:8080/tfs/sagecre
		SccLocalPath0 = .
		SccProvider0 = {4CA58AB2-18FA-4F8D-95D4-32DDF27D184C}
	EndGlobalSection
	GlobalSection(SolutionConfigurationPlatforms) = preSolution
		Debug|Any CPU = Debug|Any CPU
		Release|Any CPU = Release|Any CPU
	EndGlobalSection
	GlobalSection(ProjectConfigurationPlatforms) = postSolution
		{A52CA947-D480-4989-9246-4083A8A4EEC0}.Debug|Any CPU.ActiveCfg = Debug|Any CPU
		{A52CA947-D480-4989-9246-4083A8A4EEC0}.Debug|Any CPU.Build.0 = Debug|Any CPU
		{A52CA947-D480-4989-9246-4083A8A4EEC0}.Release|Any CPU.ActiveCfg = Release|Any CPU
		{A52CA947-D480-4989-9246-4083A8A4EEC0}.Release|Any CPU.Build.0 = Release|Any CPU
	EndGlobalSection
	GlobalSection(SolutionProperties) = preSolution
		HideSolutionNode = FALSE
	EndGlobalSection
EndGlobal
